// !$*UTF8*$!
{
	archiveVersion = 1;
	classes = {
	};
	objectVersion = 46;
	objects = {

/* Begin PBXBuildFile section */
		ECA24D9D1CF07A00005B0F2E /* AppDelegate.swift in Sources */ = {isa = PBXBuildFile; fileRef = ECA24D9C1CF07A00005B0F2E /* AppDelegate.swift */; };
		ECA24D9F1CF07A00005B0F2E /* ViewController.swift in Sources */ = {isa = PBXBuildFile; fileRef = ECA24D9E1CF07A00005B0F2E /* ViewController.swift */; };
		ECA24DA21CF07A00005B0F2E /* Main.storyboard in Resources */ = {isa = PBXBuildFile; fileRef = ECA24DA01CF07A00005B0F2E /* Main.storyboard */; };
		ECA24DA41CF07A00005B0F2E /* Assets.xcassets in Resources */ = {isa = PBXBuildFile; fileRef = ECA24DA31CF07A00005B0F2E /* Assets.xcassets */; };
		ECA24DA71CF07A00005B0F2E /* LaunchScreen.storyboard in Resources */ = {isa = PBXBuildFile; fileRef = ECA24DA51CF07A00005B0F2E /* LaunchScreen.storyboard */; };
/* End PBXBuildFile section */

/* Begin PBXFileReference section */
		ECA24D991CF07A00005B0F2E /* Red & Blue.app */ = {isa = PBXFileReference; explicitFileType = wrapper.application; includeInIndex = 0; path = "Red & Blue.app"; sourceTree = BUILT_PRODUCTS_DIR; };
		ECA24D9C1CF07A00005B0F2E /* AppDelegate.swift */ = {isa = PBXFileReference; lastKnownFileType = sourcecode.swift; path = AppDelegate.swift; sourceTree = "<group>"; };
		ECA24D9E1CF07A00005B0F2E /* ViewController.swift */ = {isa = PBXFileReference; lastKnownFileType = sourcecode.swift; path = ViewController.swift; sourceTree = "<group>"; };
		ECA24DA11CF07A00005B0F2E /* Base */ = {isa = PBXFileReference; lastKnownFileType = file.storyboard; name = Base; path = Base.lproj/Main.storyboard; sourceTree = "<group>"; };
		ECA24DA31CF07A00005B0F2E /* Assets.xcassets */ = {isa = PBXFileReference; lastKnownFileType = folder.assetcatalog; path = Assets.xcassets; sourceTree = "<group>"; };
		ECA24DA61CF07A00005B0F2E /* Base */ = {isa = PBXFileReference; lastKnownFileType = file.storyboard; name = Base; path = Base.lproj/LaunchScreen.storyboard; sourceTree = "<group>"; };
		ECA24DA81CF07A00005B0F2E /* Info.plist */ = {isa = PBXFileReference; lastKnownFileType = text.plist.xml; path = Info.plist; sourceTree = "<group>"; };
/* End PBXFileReference section */

/* Begin PBXFrameworksBuildPhase section */
		ECA24D961CF07A00005B0F2E /* Frameworks */ = {
			isa = PBXFrameworksBuildPhase;
			buildActionMask = 2147483647;
			files = (
			);
			runOnlyForDeploymentPostprocessing = 0;
		};
/* End PBXFrameworksBuildPhase section */

/* Begin PBXGroup section */
		ECA24D901CF07A00005B0F2E = {
			isa = PBXGroup;
			children = (
				ECA24D9B1CF07A00005B0F2E /* Red & Blue */,
				ECA24D9A1CF07A00005B0F2E /* Products */,
			);
			sourceTree = "<group>";
		};
		ECA24D9A1CF07A00005B0F2E /* Products */ = {
			isa = PBXGroup;
			children = (
				ECA24D991CF07A00005B0F2E /* Red & Blue.app */,
			);
			name = Products;
			sourceTree = "<group>";
		};
		ECA24D9B1CF07A00005B0F2E /* Red & Blue */ = {
			isa = PBXGroup;
			children = (
				ECA24D9C1CF07A00005B0F2E /* AppDelegate.swift */,
				ECA24D9E1CF07A00005B0F2E /* ViewController.swift */,
				ECA24DA01CF07A00005B0F2E /* Main.storyboard */,
				ECA24DA31CF07A00005B0F2E /* Assets.xcassets */,
				ECA24DA51CF07A00005B0F2E /* LaunchScreen.storyboard */,
				ECA24DA81CF07A00005B0F2E /* Info.plist */,
			);
			path = "Red & Blue";
			sourceTree = "<group>";
		};
/* End PBXGroup section */

/* Begin PBXNativeTarget section */
		ECA24D981CF07A00005B0F2E /* Red & Blue */ = {
			isa = PBXNativeTarget;
			buildConfigurationList = ECA24DAB1CF07A00005B0F2E /* Build configuration list for PBXNativeTarget "Red & Blue" */;
			buildPhases = (
				ECA24D951CF07A00005B0F2E /* Sources */,
				ECA24D961CF07A00005B0F2E /* Frameworks */,
				ECA24D971CF07A00005B0F2E /* Resources */,
			);
			buildRules = (
			);
			dependencies = (
			);
			name = "Red & Blue";
			productName = "Red & Blue";
			productReference = ECA24D991CF07A00005B0F2E /* Red & Blue.app */;
			productType = "com.apple.product-type.application";
		};
/* End PBXNativeTarget section */

/* Begin PBXProject section */
		ECA24D911CF07A00005B0F2E /* Project object */ = {
			isa = PBXProject;
			attributes = {
				LastSwiftUpdateCheck = 0730;
				LastUpgradeCheck = 0730;
				ORGANIZATIONNAME = Boki;
				TargetAttributes = {
					ECA24D981CF07A00005B0F2E = {
						CreatedOnToolsVersion = 7.3.1;
					};
				};
			};
			buildConfigurationList = ECA24D941CF07A00005B0F2E /* Build configuration list for PBXProject "Red & Blue" */;
			compatibilityVersion = "Xcode 3.2";
			developmentRegion = English;
			hasScannedForEncodings = 0;
			knownRegions = (
				en,
				Base,
			);
			mainGroup = ECA24D901CF07A00005B0F2E;
			productRefGroup = ECA24D9A1CF07A00005B0F2E /* Products */;
			projectDirPath = "";
			projectRoot = "";
			targets = (
				ECA24D981CF07A00005B0F2E /* Red & Blue */,
			);
		};
/* End PBXProject section */

/* Begin PBXResourcesBuildPhase section */
		ECA24D971CF07A00005B0F2E /* Resources */ = {
			isa = PBXResourcesBuildPhase;
			buildActionMask = 2147483647;
			files = (
				ECA24DA71CF07A00005B0F2E /* LaunchScreen.storyboard in Resources */,
				ECA24DA41CF07A00005B0F2E /* Assets.xcassets in Resources */,
				ECA24DA21CF07A00005B0F2E /* Main.storyboard in Resources */,
			);
			runOnlyForDeploymentPostprocessing = 0;
		};
/* End PBXResourcesBuildPhase section */

/* Begin PBXSourcesBuildPhase section */
		ECA24D951CF07A00005B0F2E /* Sources */ = {
			isa = PBXSourcesBuildPhase;
			buildActionMask = 2147483647;
			files = (
				ECA24D9F1CF07A00005B0F2E /* ViewController.swift in Sources */,
				ECA24D9D1CF07A00005B0F2E /* AppDelegate.swift in Sources */,
			);
			runOnlyForDeploymentPostprocessing = 0;
		};
/* End PBXSourcesBuildPhase section */

/* Begin PBXVariantGroup section */
		ECA24DA01CF07A00005B0F2E /* Main.storyboard */ = {
			isa = PBXVariantGroup;
			children = (
				ECA24DA11CF07A00005B0F2E /* Base */,
			);
			name = Main.storyboard;
			sourceTree = "<group>";
		};
		ECA24DA51CF07A00005B0F2E /* LaunchScreen.storyboard */ = {
			isa = PBXVariantGroup;
			children = (
				ECA24DA61CF07A00005B0F2E /* Base */,
			);
			name = LaunchScreen.storyboard;
			sourceTree = "<group>";
		};
/* End PBXVariantGroup section */

/* Begin XCBuildConfiguration section */
		ECA24DA91CF07A00005B0F2E /* Debug */ = {
			isa = XCBuildConfiguration;
			buildSettings = {
				ALWAYS_SEARCH_USER_PATHS = NO;
				CLANG_ANALYZER_NONNULL = YES;
				CLANG_CXX_LANGUAGE_STANDARD = "gnu++0x";
				CLANG_CXX_LIBRARY = "libc++";
				CLANG_ENABLE_MODULES = YES;
				CLANG_ENABLE_OBJC_ARC = YES;
				CLANG_WARN_BOOL_CONVERSION = YES;
				CLANG_WARN_CONSTANT_CONVERSION = YES;
				CLANG_WARN_DIRECT_OBJC_ISA_USAGE = YES_ERROR;
				CLANG_WARN_EMPTY_BODY = YES;
				CLANG_WARN_ENUM_CONVERSION = YES;
				CLANG_WARN_INT_CONVERSION = YES;
				CLANG_WARN_OBJC_ROOT_CLASS = YES_ERROR;
				CLANG_WARN_UNREACHABLE_CODE = YES;
				CLANG_WARN__DUPLICATE_METHOD_MATCH = YES;
				"CODE_SIGN_IDENTITY[sdk=iphoneos*]" = "iPhone Developer";
				COPY_PHASE_STRIP = NO;
				DEBUG_INFORMATION_FORMAT = dwarf;
				ENABLE_STRICT_OBJC_MSGSEND = YES;
				ENABLE_TESTABILITY = YES;
				GCC_C_LANGUAGE_STANDARD = gnu99;
				GCC_DYNAMIC_NO_PIC = NO;
				GCC_NO_COMMON_BLOCKS = YES;
				GCC_OPTIMIZATION_LEVEL = 0;
				GCC_PREPROCESSOR_DEFINITIONS = (
					"DEBUG=1",
					"$(inherited)",
				);
				GCC_WARN_64_TO_32_BIT_CONVERSION = YES;
				GCC_WARN_ABOUT_RETURN_TYPE = YES_ERROR;
				GCC_WARN_UNDECLARED_SELECTOR = YES;
				GCC_WARN_UNINITIALIZED_AUTOS = YES_AGGRESSIVE;
				GCC_WARN_UNUSED_FUNCTION = YES;
				GCC_WARN_UNUSED_VARIABLE = YES;
				IPHONEOS_DEPLOYMENT_TARGET = 9.3;
				MTL_ENABLE_DEBUG_INFO = YES;
				ONLY_ACTIVE_ARCH = YES;
				SDKROOT = iphoneos;
				SWIFT_OPTIMIZATION_LEVEL = "-Onone";
			};
			name = Debug;
		};
		ECA24DAA1CF07A00005B0F2E /* Release */ = {
			isa = XCBuildConfiguration;
			buildSettings = {
				ALWAYS_SEARCH_USER_PATHS = NO;
				CLANG_ANALYZER_NONNULL = YES;
				CLANG_CXX_LANGUAGE_STANDARD = "gnu++0x";
				CLANG_CXX_LIBRARY = "libc++";
				CLANG_ENABLE_MODULES = YES;
				CLANG_ENABLE_OBJC_ARC = YES;
				CLANG_WARN_BOOL_CONVERSION = YES;
				CLANG_WARN_CONSTANT_CONVERSION = YES;
				CLANG_WARN_DIRECT_OBJC_ISA_USAGE = YES_ERROR;
				CLANG_WARN_EMPTY_BODY = YES;
				CLANG_WARN_ENUM_CONVERSION = YES;
				CLANG_WARN_INT_CONVERSION = YES;
				CLANG_WARN_OBJC_ROOT_CLASS = YES_ERROR;
				CLANG_WARN_UNREACHABLE_CODE = YES;
				CLANG_WARN__DUPLICATE_METHOD_MATCH = YES;
				"CODE_SIGN_IDENTITY[sdk=iphoneos*]" = "iPhone Developer";
				COPY_PHASE_STRIP = NO;
				DEBUG_INFORMATION_FORMAT = "dwarf-with-dsym";
				ENABLE_NS_ASSERTIONS = NO;
				ENABLE_STRICT_OBJC_MSGSEND = YES;
				GCC_C_LANGUAGE_STANDARD = gnu99;
				GCC_NO_COMMON_BLOCKS = YES;
				GCC_WARN_64_TO_32_BIT_CONVERSION = YES;
				GCC_WARN_ABOUT_RETURN_TYPE = YES_ERROR;
				GCC_WARN_UNDECLARED_SELECTOR = YES;
				GCC_WARN_UNINITIALIZED_AUTOS = YES_AGGRESSIVE;
				GCC_WARN_UNUSED_FUNCTION = YES;
				GCC_WARN_UNUSED_VARIABLE = YES;
				IPHONEOS_DEPLOYMENT_TARGET = 9.3;
				MTL_ENABLE_DEBUG_INFO = NO;
				SDKROOT = iphoneos;
				VALIDATE_PRODUCT = YES;
			};
			name = Release;
		};
		ECA24DAC1CF07A00005B0F2E /* Debug */ = {
			isa = XCBuildConfiguration;
			buildSettings = {
				ASSETCATALOG_COMPILER_APPICON_NAME = AppIcon;
				INFOPLIST_FILE = "Red & Blue/Info.plist";
				LD_RUNPATH_SEARCH_PATHS = "$(inherited) @executable_path/Frameworks";
				PRODUCT_BUNDLE_IDENTIFIER = "com.4mee.Red---Blue";
				PRODUCT_NAME = "$(TARGET_NAME)";
			};
			name = Debug;
		};
		ECA24DAD1CF07A00005B0F2E /* Release */ = {
			isa = XCBuildConfiguration;
			buildSettings = {
				ASSETCATALOG_COMPILER_APPICON_NAME = AppIcon;
				INFOPLIST_FILE = "Red & Blue/Info.plist";
				LD_RUNPATH_SEARCH_PATHS = "$(inherited) @executable_path/Frameworks";
				PRODUCT_BUNDLE_IDENTIFIER = "com.4mee.Red---Blue";
				PRODUCT_NAME = "$(TARGET_NAME)";
			};
			name = Release;
		};
/* End XCBuildConfiguration section */

/* Begin XCConfigurationList section */
		ECA24D941CF07A00005B0F2E /* Build configuration list for PBXProject "Red & Blue" */ = {
			isa = XCConfigurationList;
			buildConfigurations = (
				ECA24DA91CF07A00005B0F2E /* Debug */,
				ECA24DAA1CF07A00005B0F2E /* Release */,
			);
			defaultConfigurationIsVisible = 0;
			defaultConfigurationName = Release;
		};
		ECA24DAB1CF07A00005B0F2E /* Build configuration list for PBXNativeTarget "Red & Blue" */ = {
			isa = XCConfigurationList;
			buildConfigurations = (
				ECA24DAC1CF07A00005B0F2E /* Debug */,
				ECA24DAD1CF07A00005B0F2E /* Release */,
			);
			defaultConfigurationIsVisible = 0;
		};
/* End XCConfigurationList section */
	};
	rootObject = ECA24D911CF07A00005B0F2E /* Project object */;
}
